PODS:
  - Expecta (1.0.3)
  - Expecta+Snapshots (2.0.0):
    - Expecta (~> 1.0)
    - FBSnapshotTestCase/Core (~> 2.0.3)
  - FastttCamera (0.3.3):
    - FastttCamera/Default (= 0.3.3)
  - FastttCamera/Default (0.3.3)
  - FBSnapshotTestCase/Core (2.0.4)
  - Masonry (0.6.1)
  - OCMock (3.1.5)
  - Specta (1.0.4)

DEPENDENCIES:
  - Expecta
  - Expecta+Snapshots
  - FastttCamera (from `../FastttCamera.podspec`)
  - Masonry (= 0.6.1)
  - OCMock
  - Specta

EXTERNAL SOURCES:
  FastttCamera:
    :path: ../FastttCamera.podspec

SPEC CHECKSUMS:
  Expecta: 9d1bff6c8b0eeee73a166a2ee898892478927a15
  Expecta+Snapshots: 29b38dd695bc72a0ed2bea833937d78df41943ba
  FastttCamera: 59d134f763f3a257014e6c6eb3e33eb03dc49ec1
  FBSnapshotTestCase: d94cf34841c9e77390e29009e8e2713479d48753
  Masonry: 4972309f2f134de9dd312f4dc4a21359b50e6caa
  OCMock: 4c2925291f80407c3738dd1db14d21d0cc278864
  Specta: 69bb134672aae190a1379ff91df07dad8dd1f869

COCOAPODS: 0.38.2
