PODS:
  - Expecta (1.0.5)
  - Expecta+Snapshots (2.0.0):
    - Expecta (~> 1.0)
    - FBSnapshotTestCase/Core (~> 2.0.3)
  - FastttCamera (0.3.4):
    - FastttCamera/Default (= 0.3.4)
  - FastttCamera/Default (0.3.4)
  - FBSnapshotTestCase/Core (2.0.7)
  - Masonry (0.6.1)
  - OCMock (3.3.1)
  - Specta (1.0.5)

DEPENDENCIES:
  - Expecta
  - Expecta+Snapshots
  - FastttCamera (from `../FastttCamera.podspec`)
  - Masonry (= 0.6.1)
  - OCMock
  - Specta

EXTERNAL SOURCES:
  FastttCamera:
    :path: ../FastttCamera.podspec

SPEC CHECKSUMS:
  Expecta: e1c022fcd33910b6be89c291d2775b3fe27a89fe
  Expecta+Snapshots: 29b38dd695bc72a0ed2bea833937d78df41943ba
  FastttCamera: 51f16712cbd5bdb08bc6231b957325c6be5e478d
  FBSnapshotTestCase: 7e85180d0d141a0cf472352edda7e80d7eaeb547
  Masonry: 4972309f2f134de9dd312f4dc4a21359b50e6caa
  OCMock: f3f61e6eaa16038c30caa5798c5e49d3307b6f22
  Specta: ac94d110b865115fe60ff2c6d7281053c6f8e8a2

PODFILE CHECKSUM: 8b803b068d0f7869491602ceaa035cda38f4a00b

COCOAPODS: 1.0.1
