// !$*UTF8*$!
{
	archiveVersion = 1;
	classes = {
	};
	objectVersion = 46;
	objects = {

/* Begin PBXBuildFile section */
		483DDAA9BBF02B077024403A /* libPods-FastttCameraDemo.a in Frameworks */ = {isa = PBXBuildFile; fileRef = 584097491FEF9A8DD4FFB985 /* libPods-FastttCameraDemo.a */; };
		6B51047A6A0945C8D18CDE51 /* libPods-FastttCameraDemoTests.a in Frameworks */ = {isa = PBXBuildFile; fileRef = 0539E4652A206C1051AF65AB /* libPods-FastttCameraDemoTests.a */; };
		FAA260301B790CA700A2174A /* FastttCameraTest.png in Resources */ = {isa = PBXBuildFile; fileRef = FAA2602C1B790CA700A2174A /* FastttCameraTest.png */; };
		FAA260311B790CA700A2174A /* FastttCameraTestLeftMirrored.png in Resources */ = {isa = PBXBuildFile; fileRef = FAA2602D1B790CA700A2174A /* FastttCameraTestLeftMirrored.png */; };
		FAA260321B790CA700A2174A /* FastttCameraTestRight.png in Resources */ = {isa = PBXBuildFile; fileRef = FAA2602E1B790CA700A2174A /* FastttCameraTestRight.png */; };
		FAA260331B790CA700A2174A /* LargeTestPhoto.jpg in Resources */ = {isa = PBXBuildFile; fileRef = FAA2602F1B790CA700A2174A /* LargeTestPhoto.jpg */; };
		FAC593F31B7909A900EBAA93 /* main.m in Sources */ = {isa = PBXBuildFile; fileRef = FAC593F21B7909A900EBAA93 /* main.m */; };
		FAC593FE1B7909A900EBAA93 /* Images.xcassets in Resources */ = {isa = PBXBuildFile; fileRef = FAC593FD1B7909A900EBAA93 /* Images.xcassets */; };
		FAC594221B790A1200EBAA93 /* AppDelegate.m in Sources */ = {isa = PBXBuildFile; fileRef = FAC594171B790A1200EBAA93 /* AppDelegate.m */; };
		FAC594231B790A1200EBAA93 /* ConfirmViewController.m in Sources */ = {isa = PBXBuildFile; fileRef = FAC594191B790A1200EBAA93 /* ConfirmViewController.m */; };
		FAC594241B790A1200EBAA93 /* ExampleFilter.m in Sources */ = {isa = PBXBuildFile; fileRef = FAC5941B1B790A1200EBAA93 /* ExampleFilter.m */; };
		FAC594251B790A1200EBAA93 /* ExampleViewController.m in Sources */ = {isa = PBXBuildFile; fileRef = FAC5941D1B790A1200EBAA93 /* ExampleViewController.m */; };
		FAC594261B790A1200EBAA93 /* FastttCameraBenchmark.m in Sources */ = {isa = PBXBuildFile; fileRef = FAC5941F1B790A1200EBAA93 /* FastttCameraBenchmark.m */; };
		FAC594271B790A1200EBAA93 /* UIImagePickerBenchmark.m in Sources */ = {isa = PBXBuildFile; fileRef = FAC594211B790A1200EBAA93 /* UIImagePickerBenchmark.m */; };
		FAC594311B790A9000EBAA93 /* FastttCameraPerformance.m in Sources */ = {isa = PBXBuildFile; fileRef = FAC594281B790A9000EBAA93 /* FastttCameraPerformance.m */; };
		FAC594321B790A9000EBAA93 /* FastttCameraSpec.m in Sources */ = {isa = PBXBuildFile; fileRef = FAC594291B790A9000EBAA93 /* FastttCameraSpec.m */; };
		FAC594331B790A9000EBAA93 /* FastttCapturedImageSpec.m in Sources */ = {isa = PBXBuildFile; fileRef = FAC5942A1B790A9000EBAA93 /* FastttCapturedImageSpec.m */; };
		FAC594341B790A9000EBAA93 /* FastttFilterCameraSpec.m in Sources */ = {isa = PBXBuildFile; fileRef = FAC5942B1B790A9000EBAA93 /* FastttFilterCameraSpec.m */; };
		FAC594351B790A9000EBAA93 /* FastttFilterSpec.m in Sources */ = {isa = PBXBuildFile; fileRef = FAC5942C1B790A9000EBAA93 /* FastttFilterSpec.m */; };
		FAC594361B790A9000EBAA93 /* FastttFocusSpec.m in Sources */ = {isa = PBXBuildFile; fileRef = FAC5942D1B790A9000EBAA93 /* FastttFocusSpec.m */; };
		FAC594371B790A9000EBAA93 /* IFTTTDeviceOrientationSpec.m in Sources */ = {isa = PBXBuildFile; fileRef = FAC5942E1B790A9000EBAA93 /* IFTTTDeviceOrientationSpec.m */; };
		FAC594381B790A9000EBAA93 /* UIImageFastttCameraSpec.m in Sources */ = {isa = PBXBuildFile; fileRef = FAC5942F1B790A9000EBAA93 /* UIImageFastttCameraSpec.m */; };
		FAC594391B790A9000EBAA93 /* UIViewControllerFastttCameraSpec.m in Sources */ = {isa = PBXBuildFile; fileRef = FAC594301B790A9000EBAA93 /* UIViewControllerFastttCameraSpec.m */; };
/* End PBXBuildFile section */

/* Begin PBXContainerItemProxy section */
		FAC594071B7909A900EBAA93 /* PBXContainerItemProxy */ = {
			isa = PBXContainerItemProxy;
			containerPortal = FAC593E51B7909A800EBAA93 /* Project object */;
			proxyType = 1;
			remoteGlobalIDString = FAC593EC1B7909A800EBAA93;
			remoteInfo = FastttCameraDemo;
		};
/* End PBXContainerItemProxy section */

/* Begin PBXFileReference section */
		0539E4652A206C1051AF65AB /* libPods-FastttCameraDemoTests.a */ = {isa = PBXFileReference; explicitFileType = archive.ar; includeInIndex = 0; path = "libPods-FastttCameraDemoTests.a"; sourceTree = BUILT_PRODUCTS_DIR; };
		401024D4E281DBF8463341AF /* Pods-FastttCameraDemo.release.xcconfig */ = {isa = PBXFileReference; includeInIndex = 1; lastKnownFileType = text.xcconfig; name = "Pods-FastttCameraDemo.release.xcconfig"; path = "Pods/Target Support Files/Pods-FastttCameraDemo/Pods-FastttCameraDemo.release.xcconfig"; sourceTree = "<group>"; };
		5675D70A9EDCBB77E2F3D6F1 /* Pods-FastttCameraDemoTests.release.xcconfig */ = {isa = PBXFileReference; includeInIndex = 1; lastKnownFileType = text.xcconfig; name = "Pods-FastttCameraDemoTests.release.xcconfig"; path = "Pods/Target Support Files/Pods-FastttCameraDemoTests/Pods-FastttCameraDemoTests.release.xcconfig"; sourceTree = "<group>"; };
		584097491FEF9A8DD4FFB985 /* libPods-FastttCameraDemo.a */ = {isa = PBXFileReference; explicitFileType = archive.ar; includeInIndex = 0; path = "libPods-FastttCameraDemo.a"; sourceTree = BUILT_PRODUCTS_DIR; };
		DD464D591C1267739978B593 /* Pods-FastttCameraDemoTests.debug.xcconfig */ = {isa = PBXFileReference; includeInIndex = 1; lastKnownFileType = text.xcconfig; name = "Pods-FastttCameraDemoTests.debug.xcconfig"; path = "Pods/Target Support Files/Pods-FastttCameraDemoTests/Pods-FastttCameraDemoTests.debug.xcconfig"; sourceTree = "<group>"; };
		DFF517813E814CBB00C64ACB /* Pods-FastttCameraDemo.debug.xcconfig */ = {isa = PBXFileReference; includeInIndex = 1; lastKnownFileType = text.xcconfig; name = "Pods-FastttCameraDemo.debug.xcconfig"; path = "Pods/Target Support Files/Pods-FastttCameraDemo/Pods-FastttCameraDemo.debug.xcconfig"; sourceTree = "<group>"; };
		FAA2602C1B790CA700A2174A /* FastttCameraTest.png */ = {isa = PBXFileReference; lastKnownFileType = image.png; path = FastttCameraTest.png; sourceTree = "<group>"; };
		FAA2602D1B790CA700A2174A /* FastttCameraTestLeftMirrored.png */ = {isa = PBXFileReference; lastKnownFileType = image.png; path = FastttCameraTestLeftMirrored.png; sourceTree = "<group>"; };
		FAA2602E1B790CA700A2174A /* FastttCameraTestRight.png */ = {isa = PBXFileReference; lastKnownFileType = image.png; path = FastttCameraTestRight.png; sourceTree = "<group>"; };
		FAA2602F1B790CA700A2174A /* LargeTestPhoto.jpg */ = {isa = PBXFileReference; lastKnownFileType = image.jpeg; path = LargeTestPhoto.jpg; sourceTree = "<group>"; };
		FAC593ED1B7909A800EBAA93 /* FastttCameraDemo.app */ = {isa = PBXFileReference; explicitFileType = wrapper.application; includeInIndex = 0; path = FastttCameraDemo.app; sourceTree = BUILT_PRODUCTS_DIR; };
		FAC593F11B7909A900EBAA93 /* Info.plist */ = {isa = PBXFileReference; lastKnownFileType = text.plist.xml; path = Info.plist; sourceTree = "<group>"; };
		FAC593F21B7909A900EBAA93 /* main.m */ = {isa = PBXFileReference; lastKnownFileType = sourcecode.c.objc; path = main.m; sourceTree = "<group>"; };
		FAC593FD1B7909A900EBAA93 /* Images.xcassets */ = {isa = PBXFileReference; lastKnownFileType = folder.assetcatalog; path = Images.xcassets; sourceTree = "<group>"; };
		FAC594061B7909A900EBAA93 /* FastttCameraDemoTests.xctest */ = {isa = PBXFileReference; explicitFileType = wrapper.cfbundle; includeInIndex = 0; path = FastttCameraDemoTests.xctest; sourceTree = BUILT_PRODUCTS_DIR; };
		FAC5940B1B7909A900EBAA93 /* Info.plist */ = {isa = PBXFileReference; lastKnownFileType = text.plist.xml; path = Info.plist; sourceTree = "<group>"; };
		FAC594161B790A1200EBAA93 /* AppDelegate.h */ = {isa = PBXFileReference; fileEncoding = 4; lastKnownFileType = sourcecode.c.h; path = AppDelegate.h; sourceTree = "<group>"; };
		FAC594171B790A1200EBAA93 /* AppDelegate.m */ = {isa = PBXFileReference; fileEncoding = 4; lastKnownFileType = sourcecode.c.objc; path = AppDelegate.m; sourceTree = "<group>"; };
		FAC594181B790A1200EBAA93 /* ConfirmViewController.h */ = {isa = PBXFileReference; fileEncoding = 4; lastKnownFileType = sourcecode.c.h; path = ConfirmViewController.h; sourceTree = "<group>"; };
		FAC594191B790A1200EBAA93 /* ConfirmViewController.m */ = {isa = PBXFileReference; fileEncoding = 4; lastKnownFileType = sourcecode.c.objc; path = ConfirmViewController.m; sourceTree = "<group>"; };
		FAC5941A1B790A1200EBAA93 /* ExampleFilter.h */ = {isa = PBXFileReference; fileEncoding = 4; lastKnownFileType = sourcecode.c.h; path = ExampleFilter.h; sourceTree = "<group>"; };
		FAC5941B1B790A1200EBAA93 /* ExampleFilter.m */ = {isa = PBXFileReference; fileEncoding = 4; lastKnownFileType = sourcecode.c.objc; path = ExampleFilter.m; sourceTree = "<group>"; };
		FAC5941C1B790A1200EBAA93 /* ExampleViewController.h */ = {isa = PBXFileReference; fileEncoding = 4; lastKnownFileType = sourcecode.c.h; path = ExampleViewController.h; sourceTree = "<group>"; };
		FAC5941D1B790A1200EBAA93 /* ExampleViewController.m */ = {isa = PBXFileReference; fileEncoding = 4; lastKnownFileType = sourcecode.c.objc; path = ExampleViewController.m; sourceTree = "<group>"; };
		FAC5941E1B790A1200EBAA93 /* FastttCameraBenchmark.h */ = {isa = PBXFileReference; fileEncoding = 4; lastKnownFileType = sourcecode.c.h; path = FastttCameraBenchmark.h; sourceTree = "<group>"; };
		FAC5941F1B790A1200EBAA93 /* FastttCameraBenchmark.m */ = {isa = PBXFileReference; fileEncoding = 4; lastKnownFileType = sourcecode.c.objc; path = FastttCameraBenchmark.m; sourceTree = "<group>"; };
		FAC594201B790A1200EBAA93 /* UIImagePickerBenchmark.h */ = {isa = PBXFileReference; fileEncoding = 4; lastKnownFileType = sourcecode.c.h; path = UIImagePickerBenchmark.h; sourceTree = "<group>"; };
		FAC594211B790A1200EBAA93 /* UIImagePickerBenchmark.m */ = {isa = PBXFileReference; fileEncoding = 4; lastKnownFileType = sourcecode.c.objc; path = UIImagePickerBenchmark.m; sourceTree = "<group>"; };
		FAC594281B790A9000EBAA93 /* FastttCameraPerformance.m */ = {isa = PBXFileReference; fileEncoding = 4; lastKnownFileType = sourcecode.c.objc; path = FastttCameraPerformance.m; sourceTree = "<group>"; };
		FAC594291B790A9000EBAA93 /* FastttCameraSpec.m */ = {isa = PBXFileReference; fileEncoding = 4; lastKnownFileType = sourcecode.c.objc; path = FastttCameraSpec.m; sourceTree = "<group>"; };
		FAC5942A1B790A9000EBAA93 /* FastttCapturedImageSpec.m */ = {isa = PBXFileReference; fileEncoding = 4; lastKnownFileType = sourcecode.c.objc; path = FastttCapturedImageSpec.m; sourceTree = "<group>"; };
		FAC5942B1B790A9000EBAA93 /* FastttFilterCameraSpec.m */ = {isa = PBXFileReference; fileEncoding = 4; lastKnownFileType = sourcecode.c.objc; path = FastttFilterCameraSpec.m; sourceTree = "<group>"; };
		FAC5942C1B790A9000EBAA93 /* FastttFilterSpec.m */ = {isa = PBXFileReference; fileEncoding = 4; lastKnownFileType = sourcecode.c.objc; path = FastttFilterSpec.m; sourceTree = "<group>"; };
		FAC5942D1B790A9000EBAA93 /* FastttFocusSpec.m */ = {isa = PBXFileReference; fileEncoding = 4; lastKnownFileType = sourcecode.c.objc; path = FastttFocusSpec.m; sourceTree = "<group>"; };
		FAC5942E1B790A9000EBAA93 /* IFTTTDeviceOrientationSpec.m */ = {isa = PBXFileReference; fileEncoding = 4; lastKnownFileType = sourcecode.c.objc; path = IFTTTDeviceOrientationSpec.m; sourceTree = "<group>"; };
		FAC5942F1B790A9000EBAA93 /* UIImageFastttCameraSpec.m */ = {isa = PBXFileReference; fileEncoding = 4; lastKnownFileType = sourcecode.c.objc; path = UIImageFastttCameraSpec.m; sourceTree = "<group>"; };
		FAC594301B790A9000EBAA93 /* UIViewControllerFastttCameraSpec.m */ = {isa = PBXFileReference; fileEncoding = 4; lastKnownFileType = sourcecode.c.objc; path = UIViewControllerFastttCameraSpec.m; sourceTree = "<group>"; };
/* End PBXFileReference section */

/* Begin PBXFrameworksBuildPhase section */
		FAC593EA1B7909A800EBAA93 /* Frameworks */ = {
			isa = PBXFrameworksBuildPhase;
			buildActionMask = 2147483647;
			files = (
				483DDAA9BBF02B077024403A /* libPods-FastttCameraDemo.a in Frameworks */,
			);
			runOnlyForDeploymentPostprocessing = 0;
		};
		FAC594031B7909A900EBAA93 /* Frameworks */ = {
			isa = PBXFrameworksBuildPhase;
			buildActionMask = 2147483647;
			files = (
				6B51047A6A0945C8D18CDE51 /* libPods-FastttCameraDemoTests.a in Frameworks */,
			);
			runOnlyForDeploymentPostprocessing = 0;
		};
/* End PBXFrameworksBuildPhase section */

/* Begin PBXGroup section */
		2BF746406D5E0AC10D082974 /* Pods */ = {
			isa = PBXGroup;
			children = (
				DFF517813E814CBB00C64ACB /* Pods-FastttCameraDemo.debug.xcconfig */,
				401024D4E281DBF8463341AF /* Pods-FastttCameraDemo.release.xcconfig */,
				DD464D591C1267739978B593 /* Pods-FastttCameraDemoTests.debug.xcconfig */,
				5675D70A9EDCBB77E2F3D6F1 /* Pods-FastttCameraDemoTests.release.xcconfig */,
			);
			name = Pods;
			sourceTree = "<group>";
		};
		D7B78F50656EC97599AAB575 /* Frameworks */ = {
			isa = PBXGroup;
			children = (
				584097491FEF9A8DD4FFB985 /* libPods-FastttCameraDemo.a */,
				0539E4652A206C1051AF65AB /* libPods-FastttCameraDemoTests.a */,
			);
			name = Frameworks;
			sourceTree = "<group>";
		};
		FAA2602B1B790CA700A2174A /* Test Images */ = {
			isa = PBXGroup;
			children = (
				FAA2602C1B790CA700A2174A /* FastttCameraTest.png */,
				FAA2602D1B790CA700A2174A /* FastttCameraTestLeftMirrored.png */,
				FAA2602E1B790CA700A2174A /* FastttCameraTestRight.png */,
				FAA2602F1B790CA700A2174A /* LargeTestPhoto.jpg */,
			);
			path = "Test Images";
			sourceTree = "<group>";
		};
		FAC593E41B7909A800EBAA93 = {
			isa = PBXGroup;
			children = (
				FAC593EF1B7909A800EBAA93 /* FastttCameraDemo */,
				FAC594091B7909A900EBAA93 /* FastttCameraDemoTests */,
				FAC593EE1B7909A800EBAA93 /* Products */,
				2BF746406D5E0AC10D082974 /* Pods */,
				D7B78F50656EC97599AAB575 /* Frameworks */,
			);
			sourceTree = "<group>";
		};
		FAC593EE1B7909A800EBAA93 /* Products */ = {
			isa = PBXGroup;
			children = (
				FAC593ED1B7909A800EBAA93 /* FastttCameraDemo.app */,
				FAC594061B7909A900EBAA93 /* FastttCameraDemoTests.xctest */,
			);
			name = Products;
			sourceTree = "<group>";
		};
		FAC593EF1B7909A800EBAA93 /* FastttCameraDemo */ = {
			isa = PBXGroup;
			children = (
				FAC594161B790A1200EBAA93 /* AppDelegate.h */,
				FAC594171B790A1200EBAA93 /* AppDelegate.m */,
				FAC594181B790A1200EBAA93 /* ConfirmViewController.h */,
				FAC594191B790A1200EBAA93 /* ConfirmViewController.m */,
				FAC5941A1B790A1200EBAA93 /* ExampleFilter.h */,
				FAC5941B1B790A1200EBAA93 /* ExampleFilter.m */,
				FAC5941C1B790A1200EBAA93 /* ExampleViewController.h */,
				FAC5941D1B790A1200EBAA93 /* ExampleViewController.m */,
				FAC5941E1B790A1200EBAA93 /* FastttCameraBenchmark.h */,
				FAC5941F1B790A1200EBAA93 /* FastttCameraBenchmark.m */,
				FAC594201B790A1200EBAA93 /* UIImagePickerBenchmark.h */,
				FAC594211B790A1200EBAA93 /* UIImagePickerBenchmark.m */,
				FAC593FD1B7909A900EBAA93 /* Images.xcassets */,
				FAC593F01B7909A800EBAA93 /* Supporting Files */,
			);
			path = FastttCameraDemo;
			sourceTree = "<group>";
		};
		FAC593F01B7909A800EBAA93 /* Supporting Files */ = {
			isa = PBXGroup;
			children = (
				FAC593F11B7909A900EBAA93 /* Info.plist */,
				FAC593F21B7909A900EBAA93 /* main.m */,
			);
			name = "Supporting Files";
			sourceTree = "<group>";
		};
		FAC594091B7909A900EBAA93 /* FastttCameraDemoTests */ = {
			isa = PBXGroup;
			children = (
				FAC594281B790A9000EBAA93 /* FastttCameraPerformance.m */,
				FAC594291B790A9000EBAA93 /* FastttCameraSpec.m */,
				FAC5942A1B790A9000EBAA93 /* FastttCapturedImageSpec.m */,
				FAC5942B1B790A9000EBAA93 /* FastttFilterCameraSpec.m */,
				FAC5942C1B790A9000EBAA93 /* FastttFilterSpec.m */,
				FAC5942D1B790A9000EBAA93 /* FastttFocusSpec.m */,
				FAC5942E1B790A9000EBAA93 /* IFTTTDeviceOrientationSpec.m */,
				FAC5942F1B790A9000EBAA93 /* UIImageFastttCameraSpec.m */,
				FAC594301B790A9000EBAA93 /* UIViewControllerFastttCameraSpec.m */,
				FAC5940A1B7909A900EBAA93 /* Supporting Files */,
			);
			path = FastttCameraDemoTests;
			sourceTree = "<group>";
		};
		FAC5940A1B7909A900EBAA93 /* Supporting Files */ = {
			isa = PBXGroup;
			children = (
				FAA2602B1B790CA700A2174A /* Test Images */,
				FAC5940B1B7909A900EBAA93 /* Info.plist */,
			);
			name = "Supporting Files";
			sourceTree = "<group>";
		};
/* End PBXGroup section */

/* Begin PBXNativeTarget section */
		FAC593EC1B7909A800EBAA93 /* FastttCameraDemo */ = {
			isa = PBXNativeTarget;
			buildConfigurationList = FAC594101B7909A900EBAA93 /* Build configuration list for PBXNativeTarget "FastttCameraDemo" */;
			buildPhases = (
				5E596DF4A084E3C491BC7AA3 /* Check Pods Manifest.lock */,
				FAC593E91B7909A800EBAA93 /* Sources */,
				FAC593EA1B7909A800EBAA93 /* Frameworks */,
				FAC593EB1B7909A800EBAA93 /* Resources */,
				38B461BBB27EBFBFA8CB1620 /* Copy Pods Resources */,
			);
			buildRules = (
			);
			dependencies = (
			);
			name = FastttCameraDemo;
			productName = FastttCameraDemo;
			productReference = FAC593ED1B7909A800EBAA93 /* FastttCameraDemo.app */;
			productType = "com.apple.product-type.application";
		};
		FAC594051B7909A900EBAA93 /* FastttCameraDemoTests */ = {
			isa = PBXNativeTarget;
			buildConfigurationList = FAC594131B7909A900EBAA93 /* Build configuration list for PBXNativeTarget "FastttCameraDemoTests" */;
			buildPhases = (
				1C0E9F11DDC2AD391A26FF9E /* Check Pods Manifest.lock */,
				FAC594021B7909A900EBAA93 /* Sources */,
				FAC594031B7909A900EBAA93 /* Frameworks */,
				FAC594041B7909A900EBAA93 /* Resources */,
				DA1E845DA2CCE50D4C1232FD /* Copy Pods Resources */,
			);
			buildRules = (
			);
			dependencies = (
				FAC594081B7909A900EBAA93 /* PBXTargetDependency */,
			);
			name = FastttCameraDemoTests;
			productName = FastttCameraDemoTests;
			productReference = FAC594061B7909A900EBAA93 /* FastttCameraDemoTests.xctest */;
			productType = "com.apple.product-type.bundle.unit-test";
		};
/* End PBXNativeTarget section */

/* Begin PBXProject section */
		FAC593E51B7909A800EBAA93 /* Project object */ = {
			isa = PBXProject;
			attributes = {
				LastUpgradeCheck = 0640;
				ORGANIZATIONNAME = IFTTT;
				TargetAttributes = {
					FAC593EC1B7909A800EBAA93 = {
						CreatedOnToolsVersion = 6.4;
					};
					FAC594051B7909A900EBAA93 = {
						CreatedOnToolsVersion = 6.4;
						TestTargetID = FAC593EC1B7909A800EBAA93;
					};
				};
			};
			buildConfigurationList = FAC593E81B7909A800EBAA93 /* Build configuration list for PBXProject "FastttCameraDemo" */;
			compatibilityVersion = "Xcode 3.2";
			developmentRegion = English;
			hasScannedForEncodings = 0;
			knownRegions = (
				en,
				Base,
			);
			mainGroup = FAC593E41B7909A800EBAA93;
			productRefGroup = FAC593EE1B7909A800EBAA93 /* Products */;
			projectDirPath = "";
			projectRoot = "";
			targets = (
				FAC593EC1B7909A800EBAA93 /* FastttCameraDemo */,
				FAC594051B7909A900EBAA93 /* FastttCameraDemoTests */,
			);
		};
/* End PBXProject section */

/* Begin PBXResourcesBuildPhase section */
		FAC593EB1B7909A800EBAA93 /* Resources */ = {
			isa = PBXResourcesBuildPhase;
			buildActionMask = 2147483647;
			files = (
				FAA260311B790CA700A2174A /* FastttCameraTestLeftMirrored.png in Resources */,
				FAA260321B790CA700A2174A /* FastttCameraTestRight.png in Resources */,
				FAA260331B790CA700A2174A /* LargeTestPhoto.jpg in Resources */,
				FAA260301B790CA700A2174A /* FastttCameraTest.png in Resources */,
				FAC593FE1B7909A900EBAA93 /* Images.xcassets in Resources */,
			);
			runOnlyForDeploymentPostprocessing = 0;
		};
		FAC594041B7909A900EBAA93 /* Resources */ = {
			isa = PBXResourcesBuildPhase;
			buildActionMask = 2147483647;
			files = (
			);
			runOnlyForDeploymentPostprocessing = 0;
		};
/* End PBXResourcesBuildPhase section */

/* Begin PBXShellScriptBuildPhase section */
		1C0E9F11DDC2AD391A26FF9E /* Check Pods Manifest.lock */ = {
			isa = PBXShellScriptBuildPhase;
			buildActionMask = 2147483647;
			files = (
			);
			inputPaths = (
			);
			name = "Check Pods Manifest.lock";
			outputPaths = (
			);
			runOnlyForDeploymentPostprocessing = 0;
			shellPath = /bin/sh;
			shellScript = "diff \"${PODS_ROOT}/../Podfile.lock\" \"${PODS_ROOT}/Manifest.lock\" > /dev/null\nif [[ $? != 0 ]] ; then\n    cat << EOM\nerror: The sandbox is not in sync with the Podfile.lock. Run 'pod install' or update your CocoaPods installation.\nEOM\n    exit 1\nfi\n";
			showEnvVarsInLog = 0;
		};
		38B461BBB27EBFBFA8CB1620 /* Copy Pods Resources */ = {
			isa = PBXShellScriptBuildPhase;
			buildActionMask = 2147483647;
			files = (
			);
			inputPaths = (
			);
			name = "Copy Pods Resources";
			outputPaths = (
			);
			runOnlyForDeploymentPostprocessing = 0;
			shellPath = /bin/sh;
			shellScript = "\"${SRCROOT}/Pods/Target Support Files/Pods-FastttCameraDemo/Pods-FastttCameraDemo-resources.sh\"\n";
			showEnvVarsInLog = 0;
		};
		5E596DF4A084E3C491BC7AA3 /* Check Pods Manifest.lock */ = {
			isa = PBXShellScriptBuildPhase;
			buildActionMask = 2147483647;
			files = (
			);
			inputPaths = (
			);
			name = "Check Pods Manifest.lock";
			outputPaths = (
			);
			runOnlyForDeploymentPostprocessing = 0;
			shellPath = /bin/sh;
			shellScript = "diff \"${PODS_ROOT}/../Podfile.lock\" \"${PODS_ROOT}/Manifest.lock\" > /dev/null\nif [[ $? != 0 ]] ; then\n    cat << EOM\nerror: The sandbox is not in sync with the Podfile.lock. Run 'pod install' or update your CocoaPods installation.\nEOM\n    exit 1\nfi\n";
			showEnvVarsInLog = 0;
		};
		DA1E845DA2CCE50D4C1232FD /* Copy Pods Resources */ = {
			isa = PBXShellScriptBuildPhase;
			buildActionMask = 2147483647;
			files = (
			);
			inputPaths = (
			);
			name = "Copy Pods Resources";
			outputPaths = (
			);
			runOnlyForDeploymentPostprocessing = 0;
			shellPath = /bin/sh;
			shellScript = "\"${SRCROOT}/Pods/Target Support Files/Pods-FastttCameraDemoTests/Pods-FastttCameraDemoTests-resources.sh\"\n";
			showEnvVarsInLog = 0;
		};
/* End PBXShellScriptBuildPhase section */

/* Begin PBXSourcesBuildPhase section */
		FAC593E91B7909A800EBAA93 /* Sources */ = {
			isa = PBXSourcesBuildPhase;
			buildActionMask = 2147483647;
			files = (
				FAC594241B790A1200EBAA93 /* ExampleFilter.m in Sources */,
				FAC594231B790A1200EBAA93 /* ConfirmViewController.m in Sources */,
				FAC594271B790A1200EBAA93 /* UIImagePickerBenchmark.m in Sources */,
				FAC594251B790A1200EBAA93 /* ExampleViewController.m in Sources */,
				FAC594221B790A1200EBAA93 /* AppDelegate.m in Sources */,
				FAC594261B790A1200EBAA93 /* FastttCameraBenchmark.m in Sources */,
				FAC593F31B7909A900EBAA93 /* main.m in Sources */,
			);
			runOnlyForDeploymentPostprocessing = 0;
		};
		FAC594021B7909A900EBAA93 /* Sources */ = {
			isa = PBXSourcesBuildPhase;
			buildActionMask = 2147483647;
			files = (
				FAC594311B790A9000EBAA93 /* FastttCameraPerformance.m in Sources */,
				FAC594361B790A9000EBAA93 /* FastttFocusSpec.m in Sources */,
				FAC594351B790A9000EBAA93 /* FastttFilterSpec.m in Sources */,
				FAC594391B790A9000EBAA93 /* UIViewControllerFastttCameraSpec.m in Sources */,
				FAC594331B790A9000EBAA93 /* FastttCapturedImageSpec.m in Sources */,
				FAC594321B790A9000EBAA93 /* FastttCameraSpec.m in Sources */,
				FAC594341B790A9000EBAA93 /* FastttFilterCameraSpec.m in Sources */,
				FAC594371B790A9000EBAA93 /* IFTTTDeviceOrientationSpec.m in Sources */,
				FAC594381B790A9000EBAA93 /* UIImageFastttCameraSpec.m in Sources */,
			);
			runOnlyForDeploymentPostprocessing = 0;
		};
/* End PBXSourcesBuildPhase section */

/* Begin PBXTargetDependency section */
		FAC594081B7909A900EBAA93 /* PBXTargetDependency */ = {
			isa = PBXTargetDependency;
			target = FAC593EC1B7909A800EBAA93 /* FastttCameraDemo */;
			targetProxy = FAC594071B7909A900EBAA93 /* PBXContainerItemProxy */;
		};
/* End PBXTargetDependency section */

/* Begin XCBuildConfiguration section */
		FAC5940E1B7909A900EBAA93 /* Debug */ = {
			isa = XCBuildConfiguration;
			buildSettings = {
				ALWAYS_SEARCH_USER_PATHS = NO;
				CLANG_CXX_LANGUAGE_STANDARD = "gnu++0x";
				CLANG_CXX_LIBRARY = "libc++";
				CLANG_ENABLE_MODULES = YES;
				CLANG_ENABLE_OBJC_ARC = YES;
				CLANG_WARN_BOOL_CONVERSION = YES;
				CLANG_WARN_CONSTANT_CONVERSION = YES;
				CLANG_WARN_DIRECT_OBJC_ISA_USAGE = YES_ERROR;
				CLANG_WARN_EMPTY_BODY = YES;
				CLANG_WARN_ENUM_CONVERSION = YES;
				CLANG_WARN_INT_CONVERSION = YES;
				CLANG_WARN_OBJC_ROOT_CLASS = YES_ERROR;
				CLANG_WARN_UNREACHABLE_CODE = YES;
				CLANG_WARN__DUPLICATE_METHOD_MATCH = YES;
				"CODE_SIGN_IDENTITY[sdk=iphoneos*]" = "iPhone Developer";
				COPY_PHASE_STRIP = NO;
				DEBUG_INFORMATION_FORMAT = "dwarf-with-dsym";
				ENABLE_STRICT_OBJC_MSGSEND = YES;
				GCC_C_LANGUAGE_STANDARD = gnu99;
				GCC_DYNAMIC_NO_PIC = NO;
				GCC_NO_COMMON_BLOCKS = YES;
				GCC_OPTIMIZATION_LEVEL = 0;
				GCC_PREPROCESSOR_DEFINITIONS = (
					"DEBUG=1",
					"$(inherited)",
				);
				GCC_SYMBOLS_PRIVATE_EXTERN = NO;
				GCC_WARN_64_TO_32_BIT_CONVERSION = YES;
				GCC_WARN_ABOUT_RETURN_TYPE = YES_ERROR;
				GCC_WARN_UNDECLARED_SELECTOR = YES;
				GCC_WARN_UNINITIALIZED_AUTOS = YES_AGGRESSIVE;
				GCC_WARN_UNUSED_FUNCTION = YES;
				GCC_WARN_UNUSED_VARIABLE = YES;
				IPHONEOS_DEPLOYMENT_TARGET = 8.4;
				MTL_ENABLE_DEBUG_INFO = YES;
				ONLY_ACTIVE_ARCH = YES;
				SDKROOT = iphoneos;
				TARGETED_DEVICE_FAMILY = "1,2";
			};
			name = Debug;
		};
		FAC5940F1B7909A900EBAA93 /* Release */ = {
			isa = XCBuildConfiguration;
			buildSettings = {
				ALWAYS_SEARCH_USER_PATHS = NO;
				CLANG_CXX_LANGUAGE_STANDARD = "gnu++0x";
				CLANG_CXX_LIBRARY = "libc++";
				CLANG_ENABLE_MODULES = YES;
				CLANG_ENABLE_OBJC_ARC = YES;
				CLANG_WARN_BOOL_CONVERSION = YES;
				CLANG_WARN_CONSTANT_CONVERSION = YES;
				CLANG_WARN_DIRECT_OBJC_ISA_USAGE = YES_ERROR;
				CLANG_WARN_EMPTY_BODY = YES;
				CLANG_WARN_ENUM_CONVERSION = YES;
				CLANG_WARN_INT_CONVERSION = YES;
				CLANG_WARN_OBJC_ROOT_CLASS = YES_ERROR;
				CLANG_WARN_UNREACHABLE_CODE = YES;
				CLANG_WARN__DUPLICATE_METHOD_MATCH = YES;
				"CODE_SIGN_IDENTITY[sdk=iphoneos*]" = "iPhone Developer";
				COPY_PHASE_STRIP = NO;
				DEBUG_INFORMATION_FORMAT = "dwarf-with-dsym";
				ENABLE_NS_ASSERTIONS = NO;
				ENABLE_STRICT_OBJC_MSGSEND = YES;
				GCC_C_LANGUAGE_STANDARD = gnu99;
				GCC_NO_COMMON_BLOCKS = YES;
				GCC_WARN_64_TO_32_BIT_CONVERSION = YES;
				GCC_WARN_ABOUT_RETURN_TYPE = YES_ERROR;
				GCC_WARN_UNDECLARED_SELECTOR = YES;
				GCC_WARN_UNINITIALIZED_AUTOS = YES_AGGRESSIVE;
				GCC_WARN_UNUSED_FUNCTION = YES;
				GCC_WARN_UNUSED_VARIABLE = YES;
				IPHONEOS_DEPLOYMENT_TARGET = 8.4;
				MTL_ENABLE_DEBUG_INFO = NO;
				SDKROOT = iphoneos;
				TARGETED_DEVICE_FAMILY = "1,2";
				VALIDATE_PRODUCT = YES;
			};
			name = Release;
		};
		FAC594111B7909A900EBAA93 /* Debug */ = {
			isa = XCBuildConfiguration;
			baseConfigurationReference = DFF517813E814CBB00C64ACB /* Pods-FastttCameraDemo.debug.xcconfig */;
			buildSettings = {
				ASSETCATALOG_COMPILER_APPICON_NAME = AppIcon;
				INFOPLIST_FILE = FastttCameraDemo/Info.plist;
				IPHONEOS_DEPLOYMENT_TARGET = 8.0;
				LD_RUNPATH_SEARCH_PATHS = "$(inherited) @executable_path/Frameworks";
				PRODUCT_NAME = "$(TARGET_NAME)";
			};
			name = Debug;
		};
		FAC594121B7909A900EBAA93 /* Release */ = {
			isa = XCBuildConfiguration;
			baseConfigurationReference = 401024D4E281DBF8463341AF /* Pods-FastttCameraDemo.release.xcconfig */;
			buildSettings = {
				ASSETCATALOG_COMPILER_APPICON_NAME = AppIcon;
				INFOPLIST_FILE = FastttCameraDemo/Info.plist;
				IPHONEOS_DEPLOYMENT_TARGET = 8.0;
				LD_RUNPATH_SEARCH_PATHS = "$(inherited) @executable_path/Frameworks";
				PRODUCT_NAME = "$(TARGET_NAME)";
			};
			name = Release;
		};
		FAC594141B7909A900EBAA93 /* Debug */ = {
			isa = XCBuildConfiguration;
			baseConfigurationReference = DD464D591C1267739978B593 /* Pods-FastttCameraDemoTests.debug.xcconfig */;
			buildSettings = {
				BUNDLE_LOADER = "$(TEST_HOST)";
				FRAMEWORK_SEARCH_PATHS = (
					"$(SDKROOT)/Developer/Library/Frameworks",
					"$(inherited)",
				);
				GCC_PREPROCESSOR_DEFINITIONS = (
					"DEBUG=1",
					"$(inherited)",
				);
				INFOPLIST_FILE = FastttCameraDemoTests/Info.plist;
				LD_RUNPATH_SEARCH_PATHS = "$(inherited) @executable_path/Frameworks @loader_path/Frameworks";
				PRODUCT_NAME = "$(TARGET_NAME)";
				TEST_HOST = "$(BUILT_PRODUCTS_DIR)/FastttCameraDemo.app/FastttCameraDemo";
			};
			name = Debug;
		};
		FAC594151B7909A900EBAA93 /* Release */ = {
			isa = XCBuildConfiguration;
			baseConfigurationReference = 5675D70A9EDCBB77E2F3D6F1 /* Pods-FastttCameraDemoTests.release.xcconfig */;
			buildSettings = {
				BUNDLE_LOADER = "$(TEST_HOST)";
				FRAMEWORK_SEARCH_PATHS = (
					"$(SDKROOT)/Developer/Library/Frameworks",
					"$(inherited)",
				);
				INFOPLIST_FILE = FastttCameraDemoTests/Info.plist;
				LD_RUNPATH_SEARCH_PATHS = "$(inherited) @executable_path/Frameworks @loader_path/Frameworks";
				PRODUCT_NAME = "$(TARGET_NAME)";
				TEST_HOST = "$(BUILT_PRODUCTS_DIR)/FastttCameraDemo.app/FastttCameraDemo";
			};
			name = Release;
		};
/* End XCBuildConfiguration section */

/* Begin XCConfigurationList section */
		FAC593E81B7909A800EBAA93 /* Build configuration list for PBXProject "FastttCameraDemo" */ = {
			isa = XCConfigurationList;
			buildConfigurations = (
				FAC5940E1B7909A900EBAA93 /* Debug */,
				FAC5940F1B7909A900EBAA93 /* Release */,
			);
			defaultConfigurationIsVisible = 0;
			defaultConfigurationName = Release;
		};
		FAC594101B7909A900EBAA93 /* Build configuration list for PBXNativeTarget "FastttCameraDemo" */ = {
			isa = XCConfigurationList;
			buildConfigurations = (
				FAC594111B7909A900EBAA93 /* Debug */,
				FAC594121B7909A900EBAA93 /* Release */,
			);
			defaultConfigurationIsVisible = 0;
			defaultConfigurationName = Release;
		};
		FAC594131B7909A900EBAA93 /* Build configuration list for PBXNativeTarget "FastttCameraDemoTests" */ = {
			isa = XCConfigurationList;
			buildConfigurations = (
				FAC594141B7909A900EBAA93 /* Debug */,
				FAC594151B7909A900EBAA93 /* Release */,
			);
			defaultConfigurationIsVisible = 0;
			defaultConfigurationName = Release;
		};
/* End XCConfigurationList section */
	};
	rootObject = FAC593E51B7909A800EBAA93 /* Project object */;
}
