PODS:
  - Expecta (1.0.3)
  - Expecta+Snapshots (2.0.0):
    - Expecta (~> 1.0)
    - FBSnapshotTestCase/Core (~> 2.0.3)
  - FastttCamera/Default (0.3.2)
  - FastttCamera/Filters (0.3.2):
    - FastttCamera/Default
    - GPUImage (~> 0.1.0)
  - FBSnapshotTestCase/Core (2.0.4)
  - GPUImage (0.1.7)
  - Masonry (0.6.1)
  - OCMock (3.1.5)
  - Specta (1.0.3)

DEPENDENCIES:
  - Expecta
  - Expecta+Snapshots
  - FastttCamera/Filters (from `../FastttCamera.podspec`)
  - Masonry (= 0.6.1)
  - OCMock
  - Specta

EXTERNAL SOURCES:
  FastttCamera:
    :path: ../FastttCamera.podspec

SPEC CHECKSUMS:
  Expecta: 9d1bff6c8b0eeee73a166a2ee898892478927a15
  Expecta+Snapshots: 29b38dd695bc72a0ed2bea833937d78df41943ba
  FastttCamera: 4e758cc2bf5564effc654346cac320c09a550164
  FBSnapshotTestCase: d94cf34841c9e77390e29009e8e2713479d48753
  GPUImage: 733a5f0fab92df9de1c37ba9df520a833ccb406d
  Masonry: 4972309f2f134de9dd312f4dc4a21359b50e6caa
  OCMock: 4c2925291f80407c3738dd1db14d21d0cc278864
  Specta: cf3e4188cf35375c3ee2cd03f8db8f1f4ef98234

COCOAPODS: 0.38.2
