PODS:
  - Expecta (0.3.2)
  - Expecta+Snapshots (1.3.1):
    - Expecta
    - FBSnapshotTestCase
  - FastttCamera/Default (0.2.0)
  - FastttCamera/Filters (0.2.0):
    - FastttCamera/Default
    - GPUImage (~> 0.1.0)
  - FBSnapshotTestCase (1.5)
  - GPUImage (0.1.6)
  - Masonry (0.6.1)
  - OCMock (3.1.2)
  - Specta (0.3.2)

DEPENDENCIES:
  - Expecta
  - Expecta+Snapshots
  - FastttCamera/Filters (from `../FastttCamera.podspec`)
  - Masonry (= 0.6.1)
  - OCMock
  - Specta

EXTERNAL SOURCES:
  FastttCamera:
    :path: ../FastttCamera.podspec

SPEC CHECKSUMS:
  Expecta: ee641011fe10aa1855d487b40e4976dac50ec342
  Expecta+Snapshots: 4a56b9411c6ed156987072e52c39de67d864015a
  FastttCamera: 459a2d1ab4758b5366617255ef85e3c46b8013a9
  FBSnapshotTestCase: e2914fbaabccea1dcc773d6a16b1c24540642488
  GPUImage: cecb0830bb9428f50192042e3c7b53810f51388e
  Masonry: 2cb49fd14d203d2db5ca6bb017135b235dde9980
  OCMock: ecdd510b73ef397f2f97274785c1e87fd147c49f
  Specta: 698a58ffa5ec948327d3b92eab50ca58d7f4fbe8

COCOAPODS: 0.35.0
